{
  "name": "@corian-forge/combat-kit",
  "version": "0.1.0",
  "lockfileVersion": 3,
  "requires": true,
  "packages": {
    "": {
      "name": "@corian-forge/combat-kit",
      "version": "0.1.0",
      "dependencies": {
        "@corian-forge/rules-kit": "file:../rules-kit"
      }
    },
    "../rules-kit": {
      "name": "@corian-forge/rules-kit",
      "version": "0.1.0"
    },
    "node_modules/@corian-forge/rules-kit": {
      "resolved": "../rules-kit",
      "link": true
    }
  }
}
